
Microsoft Visual Studio Solution File, Format Version 12.00
# Visual Studio Version 16
VisualStudioVersion = 16.0.28711.60
MinimumVisualStudioVersion = 10.0.40219.1
Project("{9A19103F-16F7-4668-BE54-9A1E7A4F7556}") = "PlumberCRM", "PlumberCRM\PlumberCRM.csproj", "{05732F58-F917-4218-91A2-3927C8BE879D}"
EndProject
Project("{2150E333-8FDC-42A3-9474-1A3956D46DE8}") = "PlumberCRM API", "PlumberCRM API", "{5003A55B-A14D-4835-A5A8-0E2D0E9490AE}"
EndProject
Project("{2150E333-8FDC-42A3-9474-1A3956D46DE8}") = "RouteGenerator Service", "RouteGenerator Service", "{768CD22C-7661-4B8F-A65C-10A333C15CBC}"
EndProject
Project("{2150E333-8FDC-42A3-9474-1A3956D46DE8}") = "JourneyStore API", "JourneyStore API", "{4985134B-86F8-47C4-AAA5-D1FAB772BC87}"
EndProject
Project("{2150E333-8FDC-42A3-9474-1A3956D46DE8}") = "RouteProviderOne Service", "RouteProviderOne Service", "{FD162D8E-9BFE-4542-A2A4-0000FBBC04A1}"
EndProject
Project("{2150E333-8FDC-42A3-9474-1A3956D46DE8}") = "RouteProviderTwo Service", "RouteProviderTwo Service", "{3038DEFF-7684-4239-B8A3-F3679DCEEC2D}"
EndProject
Project("{2150E333-8FDC-42A3-9474-1A3956D46DE8}") = "RouteProviderThree Service", "RouteProviderThree Service", "{2CA2F248-61C4-4CBC-A9B2-4C10D10B859C}"
EndProject
Project("{2150E333-8FDC-42A3-9474-1A3956D46DE8}") = "Common", "Common", "{6656B481-4908-475F-8072-CBD4B16FB307}"
EndProject
Project("{9A19103F-16F7-4668-BE54-9A1E7A4F7556}") = "PlumberCRM.Core", "PlumberCRM.Core\PlumberCRM.Core.csproj", "{35912F00-D1E0-45B2-ACC1-D5FEA1CEFA30}"
EndProject
Project("{9A19103F-16F7-4668-BE54-9A1E7A4F7556}") = "PlumberCRM.DataAccess", "PlumberCRM.DataAccess\PlumberCRM.DataAccess.csproj", "{4C027FEF-2C24-4B78-807D-2E3DF59EF90D}"
EndProject
Project("{9A19103F-16F7-4668-BE54-9A1E7A4F7556}") = "JourneyStore", "JourneyStore\JourneyStore.csproj", "{FD47657C-7A23-4AE8-A533-68791208F72C}"
EndProject
Project("{9A19103F-16F7-4668-BE54-9A1E7A4F7556}") = "JourneyStore.Core", "JourneyStore.Core\JourneyStore.Core.csproj", "{9D8BD643-EFEC-4305-ACBD-86D26C87FEED}"
EndProject
Project("{9A19103F-16F7-4668-BE54-9A1E7A4F7556}") = "JourneyStore.DataAccess", "JourneyStore.DataAccess\JourneyStore.DataAccess.csproj", "{62752617-9C80-407D-B878-FF4DB1163EF5}"
EndProject
Project("{9A19103F-16F7-4668-BE54-9A1E7A4F7556}") = "RouteGenerator", "RouteGenerator\RouteGenerator.csproj", "{747B3B86-2E94-4C4F-B5E6-B614113C2127}"
EndProject
Project("{9A19103F-16F7-4668-BE54-9A1E7A4F7556}") = "RouteGenerator.Core", "RouteGenerator.Core\RouteGenerator.Core.csproj", "{03CD663F-2EA1-4397-B709-29211B72A621}"
EndProject
Project("{9A19103F-16F7-4668-BE54-9A1E7A4F7556}") = "RouteGenerator.DataAccess", "RouteGenerator.DataAccess\RouteGenerator.DataAccess.csproj", "{224254BD-0E4C-42CB-A660-BA3CDE170BFE}"
EndProject
Project("{9A19103F-16F7-4668-BE54-9A1E7A4F7556}") = "RouteProviderOne", "RouteProviderOne\RouteProviderOne.csproj", "{3A65FACD-635D-4748-BDA7-3408017AB8DF}"
EndProject
Project("{9A19103F-16F7-4668-BE54-9A1E7A4F7556}") = "RouteProviderOne.Core", "RouteProviderOne.Core\RouteProviderOne.Core.csproj", "{296FD261-5CCE-4CF3-9F57-D983FB20D84E}"
EndProject
Project("{9A19103F-16F7-4668-BE54-9A1E7A4F7556}") = "RouteProviderOne.DataAccess", "RouteProviderOne.DataAccess\RouteProviderOne.DataAccess.csproj", "{CACB0499-8249-485E-932C-945E7EC98FD0}"
EndProject
Project("{9A19103F-16F7-4668-BE54-9A1E7A4F7556}") = "RouteProviderTwo", "RouteProviderTwo\RouteProviderTwo.csproj", "{9256F749-3EA2-4E32-836C-5D42605C96B5}"
EndProject
Project("{9A19103F-16F7-4668-BE54-9A1E7A4F7556}") = "RouteProviderTwo.Core", "RouteProviderTwo.Core\RouteProviderTwo.Core.csproj", "{037AE208-8D7C-4B51-81EC-B531EEC30EFE}"
EndProject
Project("{9A19103F-16F7-4668-BE54-9A1E7A4F7556}") = "RouteProviderTwo.DataAccess", "RouteProviderTwo.DataAccess\RouteProviderTwo.DataAccess.csproj", "{55200030-BAD1-41AF-B25E-402BBE13D186}"
EndProject
Project("{9A19103F-16F7-4668-BE54-9A1E7A4F7556}") = "RouteProviderThree", "RouteProviderThree\RouteProviderThree.csproj", "{1E71887E-EF92-4B18-A6F7-B5D716F63669}"
EndProject
Project("{9A19103F-16F7-4668-BE54-9A1E7A4F7556}") = "RouteProviderThree.Core", "RouteProviderThree.Core\RouteProviderThree.Core.csproj", "{8ED294E4-270A-4743-90BB-EE5D6068431C}"
EndProject
Project("{9A19103F-16F7-4668-BE54-9A1E7A4F7556}") = "RouteProviderThree.DataAccess", "RouteProviderThree.DataAccess\RouteProviderThree.DataAccess.csproj", "{F5C15855-87F5-4201-B92C-E3DA43BC731C}"
EndProject
Project("{9A19103F-16F7-4668-BE54-9A1E7A4F7556}") = "Logging", "Logging\Logging.csproj", "{A97B9193-6343-47FA-B83D-D49787A2B0EF}"
EndProject
Project("{9A19103F-16F7-4668-BE54-9A1E7A4F7556}") = "Security", "Security\Security.csproj", "{B5ED339D-145B-4D77-9224-132DB0A2E866}"
EndProject
Project("{9A19103F-16F7-4668-BE54-9A1E7A4F7556}") = "Monitoring", "Monitoring\Monitoring.csproj", "{866DB16F-A9D4-4500-88C3-4A46EF058E56}"
EndProject
Project("{2150E333-8FDC-42A3-9474-1A3956D46DE8}") = "Tests", "Tests", "{C289FF4D-4B70-4E24-A28C-91E3D05DAFF5}"
EndProject
Project("{9A19103F-16F7-4668-BE54-9A1E7A4F7556}") = "RouteProviderOneTests", "RouteProviderOneTests\RouteProviderOneTests.csproj", "{D552C036-5960-4B09-B4F9-5A2E3657999A}"
EndProject
Project("{9A19103F-16F7-4668-BE54-9A1E7A4F7556}") = "RouteProviderOne.CoreTests", "RouteProviderOne.CoreTests\RouteProviderOne.CoreTests.csproj", "{B2B91FFA-36DA-4910-8555-E69C0E7FE51C}"
EndProject
Project("{9A19103F-16F7-4668-BE54-9A1E7A4F7556}") = "RouteProviderOne.DataAccessTests", "RouteProviderOne.DataAccessTests\RouteProviderOne.DataAccessTests.csproj", "{9B0FBB90-21E4-4DC4-80F8-897A1DCC8F72}"
EndProject
Project("{2150E333-8FDC-42A3-9474-1A3956D46DE8}") = "Tests", "Tests", "{C1468D86-C1AF-4894-931F-6C66E1DD417C}"
EndProject
Project("{9A19103F-16F7-4668-BE54-9A1E7A4F7556}") = "RouteProviderTwoTests", "RouteProviderTwoTests\RouteProviderTwoTests.csproj", "{62F52E76-39B6-4BE8-BF2C-3E3CAEF5C903}"
EndProject
Project("{9A19103F-16F7-4668-BE54-9A1E7A4F7556}") = "RouteProviderTwo.DataAccessTests", "RouteProviderTwo.DataAccessTests\RouteProviderTwo.DataAccessTests.csproj", "{886A5E2B-DE66-4034-BDFB-EC60C80F8EE6}"
EndProject
Project("{9A19103F-16F7-4668-BE54-9A1E7A4F7556}") = "RouteProviderTwo.CoreTests", "RouteProviderTwo.CoreTests\RouteProviderTwo.CoreTests.csproj", "{D8F56475-B4D4-4D97-9714-1F9450FA1FFA}"
EndProject
Project("{2150E333-8FDC-42A3-9474-1A3956D46DE8}") = "Tests", "Tests", "{0405CAAE-A135-49B5-83A4-87DB4E908C30}"
EndProject
Project("{9A19103F-16F7-4668-BE54-9A1E7A4F7556}") = "RouteProviderThreeTest", "RouteProviderThreeTest\RouteProviderThreeTest.csproj", "{2ADA7763-78AF-4BCD-991A-16BA4F6A1A8D}"
EndProject
Project("{9A19103F-16F7-4668-BE54-9A1E7A4F7556}") = "RouteProviderThree.CoreTest", "RouteProviderThree.CoreTest\RouteProviderThree.CoreTest.csproj", "{BFC264A7-1E62-4B5E-BA45-8B4FF529B560}"
EndProject
Project("{9A19103F-16F7-4668-BE54-9A1E7A4F7556}") = "RouteProviderThree.DataAccessTest", "RouteProviderThree.DataAccessTest\RouteProviderThree.DataAccessTest.csproj", "{EBB4C213-2C2D-4FA3-BE2E-67557D5C21C6}"
EndProject
Project("{2150E333-8FDC-42A3-9474-1A3956D46DE8}") = "Tests", "Tests", "{3AD7870C-F688-4B19-AB03-91BE82B44CF6}"
EndProject
Project("{9A19103F-16F7-4668-BE54-9A1E7A4F7556}") = "JourneyStore.CoreTest", "JourneyStore.CoreTest\JourneyStore.CoreTest.csproj", "{AA2ADB65-A679-45EF-A4B4-34B32E24D2A6}"
EndProject
Project("{9A19103F-16F7-4668-BE54-9A1E7A4F7556}") = "JourneyStore.DataAccessTest", "JourneyStore.DataAccessTest\JourneyStore.DataAccessTest.csproj", "{8FB36FEF-1988-4555-9D42-E809C66FFE27}"
EndProject
Project("{9A19103F-16F7-4668-BE54-9A1E7A4F7556}") = "JourneyStoreTest", "JourneyStoreTest\JourneyStoreTest.csproj", "{8EDAFFCF-6C66-4EBB-9A3F-C8B14B4F4A74}"
EndProject
Project("{2150E333-8FDC-42A3-9474-1A3956D46DE8}") = "Tests", "Tests", "{CA76ED38-557F-4236-89AA-0762998F8BC0}"
EndProject
Project("{9A19103F-16F7-4668-BE54-9A1E7A4F7556}") = "PlumberCRMTest", "PlumberCRMTest\PlumberCRMTest.csproj", "{54227AD7-5FF0-4D64-B34B-E09741BB0050}"
EndProject
Project("{9A19103F-16F7-4668-BE54-9A1E7A4F7556}") = "PlumberCRM.DataAccessTest", "PlumberCRM.DataAccessTest\PlumberCRM.DataAccessTest.csproj", "{15F61E43-C093-4FCB-AD16-032CB3B49EE6}"
EndProject
Project("{9A19103F-16F7-4668-BE54-9A1E7A4F7556}") = "PlumberCRM.CoreTest", "PlumberCRM.CoreTest\PlumberCRM.CoreTest.csproj", "{A4787DF6-EB95-46BC-977C-2892A47C19A2}"
EndProject
Project("{2150E333-8FDC-42A3-9474-1A3956D46DE8}") = "Tests", "Tests", "{43D9F789-21A5-4217-B355-581A42D232A1}"
EndProject
Project("{9A19103F-16F7-4668-BE54-9A1E7A4F7556}") = "RouteGeneratorTest", "RouteGeneratorTest\RouteGeneratorTest.csproj", "{B50FA19B-3519-42A4-BE78-3B623D52A824}"
EndProject
Project("{9A19103F-16F7-4668-BE54-9A1E7A4F7556}") = "RouteGenerator.DataAccessTest", "RouteGenerator.DataAccessTest\RouteGenerator.DataAccessTest.csproj", "{A120196C-2076-4B52-830B-E04018F9FE09}"
EndProject
Project("{9A19103F-16F7-4668-BE54-9A1E7A4F7556}") = "RouteGenerator.CoreTest", "RouteGenerator.CoreTest\RouteGenerator.CoreTest.csproj", "{3039AE19-FB31-42C0-BD3F-488A4D6D1416}"
EndProject
Project("{2150E333-8FDC-42A3-9474-1A3956D46DE8}") = "Tests", "Tests", "{35FFF101-D1BA-403C-8345-A4B6A96A2438}"
EndProject
Project("{FAE04EC0-301F-11D3-BF4B-00C04F79EFBC}") = "LoggingTest", "LoggingTest\LoggingTest.csproj", "{4E022F74-9EDB-4F89-A2C1-9DE1216BEBB4}"
EndProject
Project("{FAE04EC0-301F-11D3-BF4B-00C04F79EFBC}") = "MonitoringTest", "MonitoringTest\MonitoringTest.csproj", "{EAA347A3-EB30-4BE8-8DE3-EB93358F3021}"
EndProject
Project("{FAE04EC0-301F-11D3-BF4B-00C04F79EFBC}") = "SecurityTest", "SecurityTest\SecurityTest.csproj", "{97658B4A-D155-4C89-A027-85651284E6D7}"
EndProject
Global
	GlobalSection(SolutionConfigurationPlatforms) = preSolution
		Debug|Any CPU = Debug|Any CPU
		Release|Any CPU = Release|Any CPU
	EndGlobalSection
	GlobalSection(ProjectConfigurationPlatforms) = postSolution
		{05732F58-F917-4218-91A2-3927C8BE879D}.Debug|Any CPU.ActiveCfg = Debug|Any CPU
		{05732F58-F917-4218-91A2-3927C8BE879D}.Debug|Any CPU.Build.0 = Debug|Any CPU
		{05732F58-F917-4218-91A2-3927C8BE879D}.Release|Any CPU.ActiveCfg = Release|Any CPU
		{05732F58-F917-4218-91A2-3927C8BE879D}.Release|Any CPU.Build.0 = Release|Any CPU
		{35912F00-D1E0-45B2-ACC1-D5FEA1CEFA30}.Debug|Any CPU.ActiveCfg = Debug|Any CPU
		{35912F00-D1E0-45B2-ACC1-D5FEA1CEFA30}.Debug|Any CPU.Build.0 = Debug|Any CPU
		{35912F00-D1E0-45B2-ACC1-D5FEA1CEFA30}.Release|Any CPU.ActiveCfg = Release|Any CPU
		{35912F00-D1E0-45B2-ACC1-D5FEA1CEFA30}.Release|Any CPU.Build.0 = Release|Any CPU
		{4C027FEF-2C24-4B78-807D-2E3DF59EF90D}.Debug|Any CPU.ActiveCfg = Debug|Any CPU
		{4C027FEF-2C24-4B78-807D-2E3DF59EF90D}.Debug|Any CPU.Build.0 = Debug|Any CPU
		{4C027FEF-2C24-4B78-807D-2E3DF59EF90D}.Release|Any CPU.ActiveCfg = Release|Any CPU
		{4C027FEF-2C24-4B78-807D-2E3DF59EF90D}.Release|Any CPU.Build.0 = Release|Any CPU
		{FD47657C-7A23-4AE8-A533-68791208F72C}.Debug|Any CPU.ActiveCfg = Debug|Any CPU
		{FD47657C-7A23-4AE8-A533-68791208F72C}.Debug|Any CPU.Build.0 = Debug|Any CPU
		{FD47657C-7A23-4AE8-A533-68791208F72C}.Release|Any CPU.ActiveCfg = Release|Any CPU
		{FD47657C-7A23-4AE8-A533-68791208F72C}.Release|Any CPU.Build.0 = Release|Any CPU
		{9D8BD643-EFEC-4305-ACBD-86D26C87FEED}.Debug|Any CPU.ActiveCfg = Debug|Any CPU
		{9D8BD643-EFEC-4305-ACBD-86D26C87FEED}.Debug|Any CPU.Build.0 = Debug|Any CPU
		{9D8BD643-EFEC-4305-ACBD-86D26C87FEED}.Release|Any CPU.ActiveCfg = Release|Any CPU
		{9D8BD643-EFEC-4305-ACBD-86D26C87FEED}.Release|Any CPU.Build.0 = Release|Any CPU
		{62752617-9C80-407D-B878-FF4DB1163EF5}.Debug|Any CPU.ActiveCfg = Debug|Any CPU
		{62752617-9C80-407D-B878-FF4DB1163EF5}.Debug|Any CPU.Build.0 = Debug|Any CPU
		{62752617-9C80-407D-B878-FF4DB1163EF5}.Release|Any CPU.ActiveCfg = Release|Any CPU
		{62752617-9C80-407D-B878-FF4DB1163EF5}.Release|Any CPU.Build.0 = Release|Any CPU
		{747B3B86-2E94-4C4F-B5E6-B614113C2127}.Debug|Any CPU.ActiveCfg = Debug|Any CPU
		{747B3B86-2E94-4C4F-B5E6-B614113C2127}.Debug|Any CPU.Build.0 = Debug|Any CPU
		{747B3B86-2E94-4C4F-B5E6-B614113C2127}.Release|Any CPU.ActiveCfg = Release|Any CPU
		{747B3B86-2E94-4C4F-B5E6-B614113C2127}.Release|Any CPU.Build.0 = Release|Any CPU
		{03CD663F-2EA1-4397-B709-29211B72A621}.Debug|Any CPU.ActiveCfg = Debug|Any CPU
		{03CD663F-2EA1-4397-B709-29211B72A621}.Debug|Any CPU.Build.0 = Debug|Any CPU
		{03CD663F-2EA1-4397-B709-29211B72A621}.Release|Any CPU.ActiveCfg = Release|Any CPU
		{03CD663F-2EA1-4397-B709-29211B72A621}.Release|Any CPU.Build.0 = Release|Any CPU
		{224254BD-0E4C-42CB-A660-BA3CDE170BFE}.Debug|Any CPU.ActiveCfg = Debug|Any CPU
		{224254BD-0E4C-42CB-A660-BA3CDE170BFE}.Debug|Any CPU.Build.0 = Debug|Any CPU
		{224254BD-0E4C-42CB-A660-BA3CDE170BFE}.Release|Any CPU.ActiveCfg = Release|Any CPU
		{224254BD-0E4C-42CB-A660-BA3CDE170BFE}.Release|Any CPU.Build.0 = Release|Any CPU
		{3A65FACD-635D-4748-BDA7-3408017AB8DF}.Debug|Any CPU.ActiveCfg = Debug|Any CPU
		{3A65FACD-635D-4748-BDA7-3408017AB8DF}.Debug|Any CPU.Build.0 = Debug|Any CPU
		{3A65FACD-635D-4748-BDA7-3408017AB8DF}.Release|Any CPU.ActiveCfg = Release|Any CPU
		{3A65FACD-635D-4748-BDA7-3408017AB8DF}.Release|Any CPU.Build.0 = Release|Any CPU
		{296FD261-5CCE-4CF3-9F57-D983FB20D84E}.Debug|Any CPU.ActiveCfg = Debug|Any CPU
		{296FD261-5CCE-4CF3-9F57-D983FB20D84E}.Debug|Any CPU.Build.0 = Debug|Any CPU
		{296FD261-5CCE-4CF3-9F57-D983FB20D84E}.Release|Any CPU.ActiveCfg = Release|Any CPU
		{296FD261-5CCE-4CF3-9F57-D983FB20D84E}.Release|Any CPU.Build.0 = Release|Any CPU
		{CACB0499-8249-485E-932C-945E7EC98FD0}.Debug|Any CPU.ActiveCfg = Debug|Any CPU
		{CACB0499-8249-485E-932C-945E7EC98FD0}.Debug|Any CPU.Build.0 = Debug|Any CPU
		{CACB0499-8249-485E-932C-945E7EC98FD0}.Release|Any CPU.ActiveCfg = Release|Any CPU
		{CACB0499-8249-485E-932C-945E7EC98FD0}.Release|Any CPU.Build.0 = Release|Any CPU
		{9256F749-3EA2-4E32-836C-5D42605C96B5}.Debug|Any CPU.ActiveCfg = Debug|Any CPU
		{9256F749-3EA2-4E32-836C-5D42605C96B5}.Debug|Any CPU.Build.0 = Debug|Any CPU
		{9256F749-3EA2-4E32-836C-5D42605C96B5}.Release|Any CPU.ActiveCfg = Release|Any CPU
		{9256F749-3EA2-4E32-836C-5D42605C96B5}.Release|Any CPU.Build.0 = Release|Any CPU
		{037AE208-8D7C-4B51-81EC-B531EEC30EFE}.Debug|Any CPU.ActiveCfg = Debug|Any CPU
		{037AE208-8D7C-4B51-81EC-B531EEC30EFE}.Debug|Any CPU.Build.0 = Debug|Any CPU
		{037AE208-8D7C-4B51-81EC-B531EEC30EFE}.Release|Any CPU.ActiveCfg = Release|Any CPU
		{037AE208-8D7C-4B51-81EC-B531EEC30EFE}.Release|Any CPU.Build.0 = Release|Any CPU
		{55200030-BAD1-41AF-B25E-402BBE13D186}.Debug|Any CPU.ActiveCfg = Debug|Any CPU
		{55200030-BAD1-41AF-B25E-402BBE13D186}.Debug|Any CPU.Build.0 = Debug|Any CPU
		{55200030-BAD1-41AF-B25E-402BBE13D186}.Release|Any CPU.ActiveCfg = Release|Any CPU
		{55200030-BAD1-41AF-B25E-402BBE13D186}.Release|Any CPU.Build.0 = Release|Any CPU
		{1E71887E-EF92-4B18-A6F7-B5D716F63669}.Debug|Any CPU.ActiveCfg = Debug|Any CPU
		{1E71887E-EF92-4B18-A6F7-B5D716F63669}.Debug|Any CPU.Build.0 = Debug|Any CPU
		{1E71887E-EF92-4B18-A6F7-B5D716F63669}.Release|Any CPU.ActiveCfg = Release|Any CPU
		{1E71887E-EF92-4B18-A6F7-B5D716F63669}.Release|Any CPU.Build.0 = Release|Any CPU
		{8ED294E4-270A-4743-90BB-EE5D6068431C}.Debug|Any CPU.ActiveCfg = Debug|Any CPU
		{8ED294E4-270A-4743-90BB-EE5D6068431C}.Debug|Any CPU.Build.0 = Debug|Any CPU
		{8ED294E4-270A-4743-90BB-EE5D6068431C}.Release|Any CPU.ActiveCfg = Release|Any CPU
		{8ED294E4-270A-4743-90BB-EE5D6068431C}.Release|Any CPU.Build.0 = Release|Any CPU
		{F5C15855-87F5-4201-B92C-E3DA43BC731C}.Debug|Any CPU.ActiveCfg = Debug|Any CPU
		{F5C15855-87F5-4201-B92C-E3DA43BC731C}.Debug|Any CPU.Build.0 = Debug|Any CPU
		{F5C15855-87F5-4201-B92C-E3DA43BC731C}.Release|Any CPU.ActiveCfg = Release|Any CPU
		{F5C15855-87F5-4201-B92C-E3DA43BC731C}.Release|Any CPU.Build.0 = Release|Any CPU
		{A97B9193-6343-47FA-B83D-D49787A2B0EF}.Debug|Any CPU.ActiveCfg = Debug|Any CPU
		{A97B9193-6343-47FA-B83D-D49787A2B0EF}.Debug|Any CPU.Build.0 = Debug|Any CPU
		{A97B9193-6343-47FA-B83D-D49787A2B0EF}.Release|Any CPU.ActiveCfg = Release|Any CPU
		{A97B9193-6343-47FA-B83D-D49787A2B0EF}.Release|Any CPU.Build.0 = Release|Any CPU
		{B5ED339D-145B-4D77-9224-132DB0A2E866}.Debug|Any CPU.ActiveCfg = Debug|Any CPU
		{B5ED339D-145B-4D77-9224-132DB0A2E866}.Debug|Any CPU.Build.0 = Debug|Any CPU
		{B5ED339D-145B-4D77-9224-132DB0A2E866}.Release|Any CPU.ActiveCfg = Release|Any CPU
		{B5ED339D-145B-4D77-9224-132DB0A2E866}.Release|Any CPU.Build.0 = Release|Any CPU
		{866DB16F-A9D4-4500-88C3-4A46EF058E56}.Debug|Any CPU.ActiveCfg = Debug|Any CPU
		{866DB16F-A9D4-4500-88C3-4A46EF058E56}.Debug|Any CPU.Build.0 = Debug|Any CPU
		{866DB16F-A9D4-4500-88C3-4A46EF058E56}.Release|Any CPU.ActiveCfg = Release|Any CPU
		{866DB16F-A9D4-4500-88C3-4A46EF058E56}.Release|Any CPU.Build.0 = Release|Any CPU
		{D552C036-5960-4B09-B4F9-5A2E3657999A}.Debug|Any CPU.ActiveCfg = Debug|Any CPU
		{D552C036-5960-4B09-B4F9-5A2E3657999A}.Debug|Any CPU.Build.0 = Debug|Any CPU
		{D552C036-5960-4B09-B4F9-5A2E3657999A}.Release|Any CPU.ActiveCfg = Release|Any CPU
		{D552C036-5960-4B09-B4F9-5A2E3657999A}.Release|Any CPU.Build.0 = Release|Any CPU
		{B2B91FFA-36DA-4910-8555-E69C0E7FE51C}.Debug|Any CPU.ActiveCfg = Debug|Any CPU
		{B2B91FFA-36DA-4910-8555-E69C0E7FE51C}.Debug|Any CPU.Build.0 = Debug|Any CPU
		{B2B91FFA-36DA-4910-8555-E69C0E7FE51C}.Release|Any CPU.ActiveCfg = Release|Any CPU
		{B2B91FFA-36DA-4910-8555-E69C0E7FE51C}.Release|Any CPU.Build.0 = Release|Any CPU
		{9B0FBB90-21E4-4DC4-80F8-897A1DCC8F72}.Debug|Any CPU.ActiveCfg = Debug|Any CPU
		{9B0FBB90-21E4-4DC4-80F8-897A1DCC8F72}.Debug|Any CPU.Build.0 = Debug|Any CPU
		{9B0FBB90-21E4-4DC4-80F8-897A1DCC8F72}.Release|Any CPU.ActiveCfg = Release|Any CPU
		{9B0FBB90-21E4-4DC4-80F8-897A1DCC8F72}.Release|Any CPU.Build.0 = Release|Any CPU
		{62F52E76-39B6-4BE8-BF2C-3E3CAEF5C903}.Debug|Any CPU.ActiveCfg = Debug|Any CPU
		{62F52E76-39B6-4BE8-BF2C-3E3CAEF5C903}.Debug|Any CPU.Build.0 = Debug|Any CPU
		{62F52E76-39B6-4BE8-BF2C-3E3CAEF5C903}.Release|Any CPU.ActiveCfg = Release|Any CPU
		{62F52E76-39B6-4BE8-BF2C-3E3CAEF5C903}.Release|Any CPU.Build.0 = Release|Any CPU
		{886A5E2B-DE66-4034-BDFB-EC60C80F8EE6}.Debug|Any CPU.ActiveCfg = Debug|Any CPU
		{886A5E2B-DE66-4034-BDFB-EC60C80F8EE6}.Debug|Any CPU.Build.0 = Debug|Any CPU
		{886A5E2B-DE66-4034-BDFB-EC60C80F8EE6}.Release|Any CPU.ActiveCfg = Release|Any CPU
		{886A5E2B-DE66-4034-BDFB-EC60C80F8EE6}.Release|Any CPU.Build.0 = Release|Any CPU
		{D8F56475-B4D4-4D97-9714-1F9450FA1FFA}.Debug|Any CPU.ActiveCfg = Debug|Any CPU
		{D8F56475-B4D4-4D97-9714-1F9450FA1FFA}.Debug|Any CPU.Build.0 = Debug|Any CPU
		{D8F56475-B4D4-4D97-9714-1F9450FA1FFA}.Release|Any CPU.ActiveCfg = Release|Any CPU
		{D8F56475-B4D4-4D97-9714-1F9450FA1FFA}.Release|Any CPU.Build.0 = Release|Any CPU
		{2ADA7763-78AF-4BCD-991A-16BA4F6A1A8D}.Debug|Any CPU.ActiveCfg = Debug|Any CPU
		{2ADA7763-78AF-4BCD-991A-16BA4F6A1A8D}.Debug|Any CPU.Build.0 = Debug|Any CPU
		{2ADA7763-78AF-4BCD-991A-16BA4F6A1A8D}.Release|Any CPU.ActiveCfg = Release|Any CPU
		{2ADA7763-78AF-4BCD-991A-16BA4F6A1A8D}.Release|Any CPU.Build.0 = Release|Any CPU
		{BFC264A7-1E62-4B5E-BA45-8B4FF529B560}.Debug|Any CPU.ActiveCfg = Debug|Any CPU
		{BFC264A7-1E62-4B5E-BA45-8B4FF529B560}.Debug|Any CPU.Build.0 = Debug|Any CPU
		{BFC264A7-1E62-4B5E-BA45-8B4FF529B560}.Release|Any CPU.ActiveCfg = Release|Any CPU
		{BFC264A7-1E62-4B5E-BA45-8B4FF529B560}.Release|Any CPU.Build.0 = Release|Any CPU
		{EBB4C213-2C2D-4FA3-BE2E-67557D5C21C6}.Debug|Any CPU.ActiveCfg = Debug|Any CPU
		{EBB4C213-2C2D-4FA3-BE2E-67557D5C21C6}.Debug|Any CPU.Build.0 = Debug|Any CPU
		{EBB4C213-2C2D-4FA3-BE2E-67557D5C21C6}.Release|Any CPU.ActiveCfg = Release|Any CPU
		{EBB4C213-2C2D-4FA3-BE2E-67557D5C21C6}.Release|Any CPU.Build.0 = Release|Any CPU
		{AA2ADB65-A679-45EF-A4B4-34B32E24D2A6}.Debug|Any CPU.ActiveCfg = Debug|Any CPU
		{AA2ADB65-A679-45EF-A4B4-34B32E24D2A6}.Debug|Any CPU.Build.0 = Debug|Any CPU
		{AA2ADB65-A679-45EF-A4B4-34B32E24D2A6}.Release|Any CPU.ActiveCfg = Release|Any CPU
		{AA2ADB65-A679-45EF-A4B4-34B32E24D2A6}.Release|Any CPU.Build.0 = Release|Any CPU
		{8FB36FEF-1988-4555-9D42-E809C66FFE27}.Debug|Any CPU.ActiveCfg = Debug|Any CPU
		{8FB36FEF-1988-4555-9D42-E809C66FFE27}.Debug|Any CPU.Build.0 = Debug|Any CPU
		{8FB36FEF-1988-4555-9D42-E809C66FFE27}.Release|Any CPU.ActiveCfg = Release|Any CPU
		{8FB36FEF-1988-4555-9D42-E809C66FFE27}.Release|Any CPU.Build.0 = Release|Any CPU
		{8EDAFFCF-6C66-4EBB-9A3F-C8B14B4F4A74}.Debug|Any CPU.ActiveCfg = Debug|Any CPU
		{8EDAFFCF-6C66-4EBB-9A3F-C8B14B4F4A74}.Debug|Any CPU.Build.0 = Debug|Any CPU
		{8EDAFFCF-6C66-4EBB-9A3F-C8B14B4F4A74}.Release|Any CPU.ActiveCfg = Release|Any CPU
		{8EDAFFCF-6C66-4EBB-9A3F-C8B14B4F4A74}.Release|Any CPU.Build.0 = Release|Any CPU
		{54227AD7-5FF0-4D64-B34B-E09741BB0050}.Debug|Any CPU.ActiveCfg = Debug|Any CPU
		{54227AD7-5FF0-4D64-B34B-E09741BB0050}.Debug|Any CPU.Build.0 = Debug|Any CPU
		{54227AD7-5FF0-4D64-B34B-E09741BB0050}.Release|Any CPU.ActiveCfg = Release|Any CPU
		{54227AD7-5FF0-4D64-B34B-E09741BB0050}.Release|Any CPU.Build.0 = Release|Any CPU
		{15F61E43-C093-4FCB-AD16-032CB3B49EE6}.Debug|Any CPU.ActiveCfg = Debug|Any CPU
		{15F61E43-C093-4FCB-AD16-032CB3B49EE6}.Debug|Any CPU.Build.0 = Debug|Any CPU
		{15F61E43-C093-4FCB-AD16-032CB3B49EE6}.Release|Any CPU.ActiveCfg = Release|Any CPU
		{15F61E43-C093-4FCB-AD16-032CB3B49EE6}.Release|Any CPU.Build.0 = Release|Any CPU
		{A4787DF6-EB95-46BC-977C-2892A47C19A2}.Debug|Any CPU.ActiveCfg = Debug|Any CPU
		{A4787DF6-EB95-46BC-977C-2892A47C19A2}.Debug|Any CPU.Build.0 = Debug|Any CPU
		{A4787DF6-EB95-46BC-977C-2892A47C19A2}.Release|Any CPU.ActiveCfg = Release|Any CPU
		{A4787DF6-EB95-46BC-977C-2892A47C19A2}.Release|Any CPU.Build.0 = Release|Any CPU
		{B50FA19B-3519-42A4-BE78-3B623D52A824}.Debug|Any CPU.ActiveCfg = Debug|Any CPU
		{B50FA19B-3519-42A4-BE78-3B623D52A824}.Debug|Any CPU.Build.0 = Debug|Any CPU
		{B50FA19B-3519-42A4-BE78-3B623D52A824}.Release|Any CPU.ActiveCfg = Release|Any CPU
		{B50FA19B-3519-42A4-BE78-3B623D52A824}.Release|Any CPU.Build.0 = Release|Any CPU
		{A120196C-2076-4B52-830B-E04018F9FE09}.Debug|Any CPU.ActiveCfg = Debug|Any CPU
		{A120196C-2076-4B52-830B-E04018F9FE09}.Debug|Any CPU.Build.0 = Debug|Any CPU
		{A120196C-2076-4B52-830B-E04018F9FE09}.Release|Any CPU.ActiveCfg = Release|Any CPU
		{A120196C-2076-4B52-830B-E04018F9FE09}.Release|Any CPU.Build.0 = Release|Any CPU
		{3039AE19-FB31-42C0-BD3F-488A4D6D1416}.Debug|Any CPU.ActiveCfg = Debug|Any CPU
		{3039AE19-FB31-42C0-BD3F-488A4D6D1416}.Debug|Any CPU.Build.0 = Debug|Any CPU
		{3039AE19-FB31-42C0-BD3F-488A4D6D1416}.Release|Any CPU.ActiveCfg = Release|Any CPU
		{3039AE19-FB31-42C0-BD3F-488A4D6D1416}.Release|Any CPU.Build.0 = Release|Any CPU
		{4E022F74-9EDB-4F89-A2C1-9DE1216BEBB4}.Debug|Any CPU.ActiveCfg = Debug|Any CPU
		{4E022F74-9EDB-4F89-A2C1-9DE1216BEBB4}.Debug|Any CPU.Build.0 = Debug|Any CPU
		{4E022F74-9EDB-4F89-A2C1-9DE1216BEBB4}.Release|Any CPU.ActiveCfg = Release|Any CPU
		{4E022F74-9EDB-4F89-A2C1-9DE1216BEBB4}.Release|Any CPU.Build.0 = Release|Any CPU
		{EAA347A3-EB30-4BE8-8DE3-EB93358F3021}.Debug|Any CPU.ActiveCfg = Debug|Any CPU
		{EAA347A3-EB30-4BE8-8DE3-EB93358F3021}.Debug|Any CPU.Build.0 = Debug|Any CPU
		{EAA347A3-EB30-4BE8-8DE3-EB93358F3021}.Release|Any CPU.ActiveCfg = Release|Any CPU
		{EAA347A3-EB30-4BE8-8DE3-EB93358F3021}.Release|Any CPU.Build.0 = Release|Any CPU
		{97658B4A-D155-4C89-A027-85651284E6D7}.Debug|Any CPU.ActiveCfg = Debug|Any CPU
		{97658B4A-D155-4C89-A027-85651284E6D7}.Debug|Any CPU.Build.0 = Debug|Any CPU
		{97658B4A-D155-4C89-A027-85651284E6D7}.Release|Any CPU.ActiveCfg = Release|Any CPU
		{97658B4A-D155-4C89-A027-85651284E6D7}.Release|Any CPU.Build.0 = Release|Any CPU
	EndGlobalSection
	GlobalSection(SolutionProperties) = preSolution
		HideSolutionNode = FALSE
	EndGlobalSection
	GlobalSection(NestedProjects) = preSolution
		{05732F58-F917-4218-91A2-3927C8BE879D} = {5003A55B-A14D-4835-A5A8-0E2D0E9490AE}
		{35912F00-D1E0-45B2-ACC1-D5FEA1CEFA30} = {5003A55B-A14D-4835-A5A8-0E2D0E9490AE}
		{4C027FEF-2C24-4B78-807D-2E3DF59EF90D} = {5003A55B-A14D-4835-A5A8-0E2D0E9490AE}
		{FD47657C-7A23-4AE8-A533-68791208F72C} = {4985134B-86F8-47C4-AAA5-D1FAB772BC87}
		{9D8BD643-EFEC-4305-ACBD-86D26C87FEED} = {4985134B-86F8-47C4-AAA5-D1FAB772BC87}
		{62752617-9C80-407D-B878-FF4DB1163EF5} = {4985134B-86F8-47C4-AAA5-D1FAB772BC87}
		{747B3B86-2E94-4C4F-B5E6-B614113C2127} = {768CD22C-7661-4B8F-A65C-10A333C15CBC}
		{03CD663F-2EA1-4397-B709-29211B72A621} = {768CD22C-7661-4B8F-A65C-10A333C15CBC}
		{224254BD-0E4C-42CB-A660-BA3CDE170BFE} = {768CD22C-7661-4B8F-A65C-10A333C15CBC}
		{3A65FACD-635D-4748-BDA7-3408017AB8DF} = {FD162D8E-9BFE-4542-A2A4-0000FBBC04A1}
		{296FD261-5CCE-4CF3-9F57-D983FB20D84E} = {FD162D8E-9BFE-4542-A2A4-0000FBBC04A1}
		{CACB0499-8249-485E-932C-945E7EC98FD0} = {FD162D8E-9BFE-4542-A2A4-0000FBBC04A1}
		{9256F749-3EA2-4E32-836C-5D42605C96B5} = {3038DEFF-7684-4239-B8A3-F3679DCEEC2D}
		{037AE208-8D7C-4B51-81EC-B531EEC30EFE} = {3038DEFF-7684-4239-B8A3-F3679DCEEC2D}
		{55200030-BAD1-41AF-B25E-402BBE13D186} = {3038DEFF-7684-4239-B8A3-F3679DCEEC2D}
		{1E71887E-EF92-4B18-A6F7-B5D716F63669} = {2CA2F248-61C4-4CBC-A9B2-4C10D10B859C}
		{8ED294E4-270A-4743-90BB-EE5D6068431C} = {2CA2F248-61C4-4CBC-A9B2-4C10D10B859C}
		{F5C15855-87F5-4201-B92C-E3DA43BC731C} = {2CA2F248-61C4-4CBC-A9B2-4C10D10B859C}
		{A97B9193-6343-47FA-B83D-D49787A2B0EF} = {6656B481-4908-475F-8072-CBD4B16FB307}
		{B5ED339D-145B-4D77-9224-132DB0A2E866} = {6656B481-4908-475F-8072-CBD4B16FB307}
		{866DB16F-A9D4-4500-88C3-4A46EF058E56} = {6656B481-4908-475F-8072-CBD4B16FB307}
		{C289FF4D-4B70-4E24-A28C-91E3D05DAFF5} = {FD162D8E-9BFE-4542-A2A4-0000FBBC04A1}
		{D552C036-5960-4B09-B4F9-5A2E3657999A} = {C289FF4D-4B70-4E24-A28C-91E3D05DAFF5}
		{B2B91FFA-36DA-4910-8555-E69C0E7FE51C} = {C289FF4D-4B70-4E24-A28C-91E3D05DAFF5}
		{9B0FBB90-21E4-4DC4-80F8-897A1DCC8F72} = {C289FF4D-4B70-4E24-A28C-91E3D05DAFF5}
		{C1468D86-C1AF-4894-931F-6C66E1DD417C} = {3038DEFF-7684-4239-B8A3-F3679DCEEC2D}
		{62F52E76-39B6-4BE8-BF2C-3E3CAEF5C903} = {C1468D86-C1AF-4894-931F-6C66E1DD417C}
		{886A5E2B-DE66-4034-BDFB-EC60C80F8EE6} = {C1468D86-C1AF-4894-931F-6C66E1DD417C}
		{D8F56475-B4D4-4D97-9714-1F9450FA1FFA} = {C1468D86-C1AF-4894-931F-6C66E1DD417C}
		{0405CAAE-A135-49B5-83A4-87DB4E908C30} = {2CA2F248-61C4-4CBC-A9B2-4C10D10B859C}
		{2ADA7763-78AF-4BCD-991A-16BA4F6A1A8D} = {0405CAAE-A135-49B5-83A4-87DB4E908C30}
		{BFC264A7-1E62-4B5E-BA45-8B4FF529B560} = {0405CAAE-A135-49B5-83A4-87DB4E908C30}
		{EBB4C213-2C2D-4FA3-BE2E-67557D5C21C6} = {0405CAAE-A135-49B5-83A4-87DB4E908C30}
		{3AD7870C-F688-4B19-AB03-91BE82B44CF6} = {4985134B-86F8-47C4-AAA5-D1FAB772BC87}
		{AA2ADB65-A679-45EF-A4B4-34B32E24D2A6} = {3AD7870C-F688-4B19-AB03-91BE82B44CF6}
		{8FB36FEF-1988-4555-9D42-E809C66FFE27} = {3AD7870C-F688-4B19-AB03-91BE82B44CF6}
		{8EDAFFCF-6C66-4EBB-9A3F-C8B14B4F4A74} = {3AD7870C-F688-4B19-AB03-91BE82B44CF6}
		{CA76ED38-557F-4236-89AA-0762998F8BC0} = {5003A55B-A14D-4835-A5A8-0E2D0E9490AE}
		{54227AD7-5FF0-4D64-B34B-E09741BB0050} = {CA76ED38-557F-4236-89AA-0762998F8BC0}
		{15F61E43-C093-4FCB-AD16-032CB3B49EE6} = {CA76ED38-557F-4236-89AA-0762998F8BC0}
		{A4787DF6-EB95-46BC-977C-2892A47C19A2} = {CA76ED38-557F-4236-89AA-0762998F8BC0}
		{43D9F789-21A5-4217-B355-581A42D232A1} = {768CD22C-7661-4B8F-A65C-10A333C15CBC}
		{B50FA19B-3519-42A4-BE78-3B623D52A824} = {43D9F789-21A5-4217-B355-581A42D232A1}
		{A120196C-2076-4B52-830B-E04018F9FE09} = {43D9F789-21A5-4217-B355-581A42D232A1}
		{3039AE19-FB31-42C0-BD3F-488A4D6D1416} = {43D9F789-21A5-4217-B355-581A42D232A1}
		{35FFF101-D1BA-403C-8345-A4B6A96A2438} = {6656B481-4908-475F-8072-CBD4B16FB307}
		{4E022F74-9EDB-4F89-A2C1-9DE1216BEBB4} = {35FFF101-D1BA-403C-8345-A4B6A96A2438}
		{EAA347A3-EB30-4BE8-8DE3-EB93358F3021} = {35FFF101-D1BA-403C-8345-A4B6A96A2438}
		{97658B4A-D155-4C89-A027-85651284E6D7} = {35FFF101-D1BA-403C-8345-A4B6A96A2438}
	EndGlobalSection
	GlobalSection(ExtensibilityGlobals) = postSolution
		SolutionGuid = {81E9A3A9-E2DC-4AF8-A00C-5B062E9FDAEE}
	EndGlobalSection
EndGlobal
